
Microsoft Visual Studio Solution File, Format Version 12.00
# Visual Studio Version 16
VisualStudioVersion = 16.0.29613.14
MinimumVisualStudioVersion = 15.0.26124.0
Project("{2150E333-8FDC-42A3-9474-1A3956D46DE8}") = "src", "src", "{D69BD1F8-E776-4415-B50E-0428C028E886}"
EndProject
Project("{6EC3EE1D-3C4E-46DD-8F32-0CC8E7565705}") = "App", "src\App\App.fsproj", "{3AE90AE1-C913-45AC-AFC9-C1CA05935AC2}"
EndProject
Project("{6EC3EE1D-3C4E-46DD-8F32-0CC8E7565705}") = "DataAccess", "src\DataAccess\DataAccess.fsproj", "{BDC4A0F1-0E4B-41F5-9BFD-DF3D186B8AD6}"
EndProject

Project("{6EC3EE1D-3C4E-46DD-8F32-0CC8E7565705}") = "Model", "src\Model\Model.fsproj", "{9EF23935-ECB6-4FA4-BDD3-A258C2A002C1}"
EndProject
Project("{2150E333-8FDC-42A3-9474-1A3956D46DE8}") = "Solution Items", "Solution Items", "{4293EDD7-22AD-4860-A61C-25E9EA46693D}"
	ProjectSection(SolutionItems) = preProject
		Dockerfile = Dockerfile
		LICENSE.md = LICENSE.md
		readme.md = readme.md
		release-notes.md = release-notes.md
		.gitignore = .gitignore
	EndProjectSection
EndProject
Global
	GlobalSection(SolutionConfigurationPlatforms) = preSolution
		Debug|Any CPU = Debug|Any CPU
		Debug|x64 = Debug|x64
		Debug|x86 = Debug|x86
		Release|Any CPU = Release|Any CPU
		Release|x64 = Release|x64
		Release|x86 = Release|x86
	EndGlobalSection
	GlobalSection(ProjectConfigurationPlatforms) = postSolution
		{3AE90AE1-C913-45AC-AFC9-C1CA05935AC2}.Debug|Any CPU.ActiveCfg = Debug|Any CPU
		{3AE90AE1-C913-45AC-AFC9-C1CA05935AC2}.Debug|Any CPU.Build.0 = Debug|Any CPU
		{3AE90AE1-C913-45AC-AFC9-C1CA05935AC2}.Debug|x64.ActiveCfg = Debug|Any CPU
		{3AE90AE1-C913-45AC-AFC9-C1CA05935AC2}.Debug|x64.Build.0 = Debug|Any CPU
		{3AE90AE1-C913-45AC-AFC9-C1CA05935AC2}.Debug|x86.ActiveCfg = Debug|Any CPU
		{3AE90AE1-C913-45AC-AFC9-C1CA05935AC2}.Debug|x86.Build.0 = Debug|Any CPU
		{3AE90AE1-C913-45AC-AFC9-C1CA05935AC2}.Release|Any CPU.ActiveCfg = Release|Any CPU
		{3AE90AE1-C913-45AC-AFC9-C1CA05935AC2}.Release|Any CPU.Build.0 = Release|Any CPU
		{3AE90AE1-C913-45AC-AFC9-C1CA05935AC2}.Release|x64.ActiveCfg = Release|Any CPU
		{3AE90AE1-C913-45AC-AFC9-C1CA05935AC2}.Release|x64.Build.0 = Release|Any CPU
		{3AE90AE1-C913-45AC-AFC9-C1CA05935AC2}.Release|x86.ActiveCfg = Release|Any CPU
		{3AE90AE1-C913-45AC-AFC9-C1CA05935AC2}.Release|x86.Build.0 = Release|Any CPU
		{BDC4A0F1-0E4B-41F5-9BFD-DF3D186B8AD6}.Debug|Any CPU.ActiveCfg = Debug|Any CPU
		{BDC4A0F1-0E4B-41F5-9BFD-DF3D186B8AD6}.Debug|Any CPU.Build.0 = Debug|Any CPU
		{BDC4A0F1-0E4B-41F5-9BFD-DF3D186B8AD6}.Debug|x64.ActiveCfg = Debug|Any CPU
		{BDC4A0F1-0E4B-41F5-9BFD-DF3D186B8AD6}.Debug|x64.Build.0 = Debug|Any CPU
		{BDC4A0F1-0E4B-41F5-9BFD-DF3D186B8AD6}.Debug|x86.ActiveCfg = Debug|Any CPU
		{BDC4A0F1-0E4B-41F5-9BFD-DF3D186B8AD6}.Debug|x86.Build.0 = Debug|Any CPU
		{BDC4A0F1-0E4B-41F5-9BFD-DF3D186B8AD6}.Release|Any CPU.ActiveCfg = Release|Any CPU
		{BDC4A0F1-0E4B-41F5-9BFD-DF3D186B8AD6}.Release|Any CPU.Build.0 = Release|Any CPU
		{BDC4A0F1-0E4B-41F5-9BFD-DF3D186B8AD6}.Release|x64.ActiveCfg = Release|Any CPU
		{BDC4A0F1-0E4B-41F5-9BFD-DF3D186B8AD6}.Release|x64.Build.0 = Release|Any CPU
		{BDC4A0F1-0E4B-41F5-9BFD-DF3D186B8AD6}.Release|x86.ActiveCfg = Release|Any CPU
		{BDC4A0F1-0E4B-41F5-9BFD-DF3D186B8AD6}.Release|x86.Build.0 = Release|Any CPU
		{9EF23935-ECB6-4FA4-BDD3-A258C2A002C1}.Debug|Any CPU.ActiveCfg = Debug|Any CPU
		{9EF23935-ECB6-4FA4-BDD3-A258C2A002C1}.Debug|Any CPU.Build.0 = Debug|Any CPU
		{9EF23935-ECB6-4FA4-BDD3-A258C2A002C1}.Debug|x64.ActiveCfg = Debug|Any CPU
		{9EF23935-ECB6-4FA4-BDD3-A258C2A002C1}.Debug|x64.Build.0 = Debug|Any CPU
		{9EF23935-ECB6-4FA4-BDD3-A258C2A002C1}.Debug|x86.ActiveCfg = Debug|Any CPU
		{9EF23935-ECB6-4FA4-BDD3-A258C2A002C1}.Debug|x86.Build.0 = Debug|Any CPU
		{9EF23935-ECB6-4FA4-BDD3-A258C2A002C1}.Release|Any CPU.ActiveCfg = Release|Any CPU
		{9EF23935-ECB6-4FA4-BDD3-A258C2A002C1}.Release|Any CPU.Build.0 = Release|Any CPU
		{9EF23935-ECB6-4FA4-BDD3-A258C2A002C1}.Release|x64.ActiveCfg = Release|Any CPU
		{9EF23935-ECB6-4FA4-BDD3-A258C2A002C1}.Release|x64.Build.0 = Release|Any CPU
		{9EF23935-ECB6-4FA4-BDD3-A258C2A002C1}.Release|x86.ActiveCfg = Release|Any CPU
		{9EF23935-ECB6-4FA4-BDD3-A258C2A002C1}.Release|x86.Build.0 = Release|Any CPU
	EndGlobalSection
	GlobalSection(SolutionProperties) = preSolution
		HideSolutionNode = FALSE
	EndGlobalSection
	GlobalSection(NestedProjects) = preSolution
		{3AE90AE1-C913-45AC-AFC9-C1CA05935AC2} = {D69BD1F8-E776-4415-B50E-0428C028E886}
		{BDC4A0F1-0E4B-41F5-9BFD-DF3D186B8AD6} = {D69BD1F8-E776-4415-B50E-0428C028E886}
		{9EF23935-ECB6-4FA4-BDD3-A258C2A002C1} = {D69BD1F8-E776-4415-B50E-0428C028E886}
	EndGlobalSection
	GlobalSection(ExtensibilityGlobals) = postSolution
		SolutionGuid = {F461CC8B-9AC8-4F8D-A467-883724E5AF38}
	EndGlobalSection
EndGlobal
